{"1.2.0",
[{<<"erlang_color">>,{pkg,<<"erlang_color">>,<<"1.0.0">>},0},
 {<<"lfe">>,{pkg,<<"lfe">>,<<"2.1.1">>},0}]}.
[
{pkg_hash,[
 {<<"erlang_color">>, <<"145FE1D2E65C4516E4F03FEFCA6C2F47EBAD5899D978D70382A5CFE643E4AC9E">>},
 {<<"lfe">>, <<"4A888B26172D198DC7A5AFEB897E8248AF7D56E1638D9C8249AAF933AE811B96">>}]},
{pkg_hash_ext,[
 {<<"erlang_color">>, <<"6B17E5E589C8FEF540574C9EA32B67CEC2C8A44283AAFE474D6E5818FB3EE038">>},
 {<<"lfe">>, <<"C484D3B655D40DED58BC41B17B22F173711C681BF36063A234A9BAA9506947E1">>}]}
].
