[{<<"clj">>,
  {git,"git://github.com/lfex/clj.git",
       {ref,"5d08c686a5ee64e7c890abc81e03de23e7e4de73"}},
  1},
 {<<"color">>,
  {git,"git://github.com/julianduque/erlang-color.git",
       {ref,"e60f6302f795220f5f0bee86391ffee5274edec0"}},
  0},
 {<<"kla">>,
  {git,"git://github.com/lfex/kla.git",
       {ref,"d124129b54f05f339dfdf98789a86c2bb50692de"}},
  2},
 {<<"lfe">>,
  {git,"git://github.com/rvirding/lfe.git",
       {ref,"cd96efc3d2a73ecff7f3e2ef3563b73b098e4844"}},
  0},
 {<<"lfe-version">>,
  {git,"https://github.com/lfe-rebar3/version.git",
       {ref,"76919956b78112b86bbe5972ffc136741d708f10"}},
  3},
 {<<"lutil">>,
  {git,"git://github.com/lfex/lutil.git",
       {ref,"c3b30318e1f1822b6bb75f652dc2e8f6b3bd7e9e"}},
  0}].
